// !$*UTF8*$!
{
	archiveVersion = 1;
	classes = {
	};
	objectVersion = 55;
	objects = {

/* Begin PBXBuildFile section */
		3B4D13DA28C7863700186107 /* FacebookLogin in Frameworks */ = {isa = PBXBuildFile; productRef = 3B4D13D928C7863700186107 /* FacebookLogin */; };
		3B4D13DD28C789E800186107 /* FacebookCore in Frameworks */ = {isa = PBXBuildFile; productRef = 3B4D13DC28C789E800186107 /* FacebookCore */; };
		3B4D13DF28C789E800186107 /* FacebookLogin in Frameworks */ = {isa = PBXBuildFile; productRef = 3B4D13DE28C789E800186107 /* FacebookLogin */; };
		3B9C3DC928C6BD570095C821 /* GoogleSignInSwift in Frameworks */ = {isa = PBXBuildFile; productRef = 3B9C3DC828C6BD570095C821 /* GoogleSignInSwift */; };
		3BCD3AD828A1AFC100C6C249 /* AppDelegate.swift in Sources */ = {isa = PBXBuildFile; fileRef = 3BCD3AD728A1AFC100C6C249 /* AppDelegate.swift */; };
		3BCD3ADA28A1AFC100C6C249 /* SceneDelegate.swift in Sources */ = {isa = PBXBuildFile; fileRef = 3BCD3AD928A1AFC100C6C249 /* SceneDelegate.swift */; };
		3BCD3ADC28A1AFC100C6C249 /* LogInController.swift in Sources */ = {isa = PBXBuildFile; fileRef = 3BCD3ADB28A1AFC100C6C249 /* LogInController.swift */; };
		3BCD3ADF28A1AFC100C6C249 /* Main.storyboard in Resources */ = {isa = PBXBuildFile; fileRef = 3BCD3ADD28A1AFC100C6C249 /* Main.storyboard */; };
		3BCD3AE128A1AFC200C6C249 /* Assets.xcassets in Resources */ = {isa = PBXBuildFile; fileRef = 3BCD3AE028A1AFC200C6C249 /* Assets.xcassets */; };
		3BCD3AE428A1AFC200C6C249 /* LaunchScreen.storyboard in Resources */ = {isa = PBXBuildFile; fileRef = 3BCD3AE228A1AFC200C6C249 /* LaunchScreen.storyboard */; };
		3BCD3AED28A1B01A00C6C249 /* ParseSwift in Frameworks */ = {isa = PBXBuildFile; productRef = 3BCD3AEC28A1B01A00C6C249 /* ParseSwift */; };
		3BCD3AEF28A1B0AA00C6C249 /* User.swift in Sources */ = {isa = PBXBuildFile; fileRef = 3BCD3AEE28A1B0AA00C6C249 /* User.swift */; };
		3BCD3AF228A1B0F600C6C249 /* HomeController.swift in Sources */ = {isa = PBXBuildFile; fileRef = 3BCD3AF128A1B0F600C6C249 /* HomeController.swift */; };
/* End PBXBuildFile section */

/* Begin PBXFileReference section */
		3BCD3AD428A1AFC100C6C249 /* DSSUserLogIn.app */ = {isa = PBXFileReference; explicitFileType = wrapper.application; includeInIndex = 0; path = DSSUserLogIn.app; sourceTree = BUILT_PRODUCTS_DIR; };
		3BCD3AD728A1AFC100C6C249 /* AppDelegate.swift */ = {isa = PBXFileReference; lastKnownFileType = sourcecode.swift; path = AppDelegate.swift; sourceTree = "<group>"; };
		3BCD3AD928A1AFC100C6C249 /* SceneDelegate.swift */ = {isa = PBXFileReference; lastKnownFileType = sourcecode.swift; path = SceneDelegate.swift; sourceTree = "<group>"; };
		3BCD3ADB28A1AFC100C6C249 /* LogInController.swift */ = {isa = PBXFileReference; lastKnownFileType = sourcecode.swift; path = LogInController.swift; sourceTree = "<group>"; };
		3BCD3ADE28A1AFC100C6C249 /* Base */ = {isa = PBXFileReference; lastKnownFileType = file.storyboard; name = Base; path = Base.lproj/Main.storyboard; sourceTree = "<group>"; };
		3BCD3AE028A1AFC200C6C249 /* Assets.xcassets */ = {isa = PBXFileReference; lastKnownFileType = folder.assetcatalog; path = Assets.xcassets; sourceTree = "<group>"; };
		3BCD3AE328A1AFC200C6C249 /* Base */ = {isa = PBXFileReference; lastKnownFileType = file.storyboard; name = Base; path = Base.lproj/LaunchScreen.storyboard; sourceTree = "<group>"; };
		3BCD3AE528A1AFC200C6C249 /* Info.plist */ = {isa = PBXFileReference; lastKnownFileType = text.plist.xml; path = Info.plist; sourceTree = "<group>"; };
		3BCD3AEE28A1B0AA00C6C249 /* User.swift */ = {isa = PBXFileReference; lastKnownFileType = sourcecode.swift; path = User.swift; sourceTree = "<group>"; };
		3BCD3AF128A1B0F600C6C249 /* HomeController.swift */ = {isa = PBXFileReference; lastKnownFileType = sourcecode.swift; path = HomeController.swift; sourceTree = "<group>"; };
/* End PBXFileReference section */

/* Begin PBXFrameworksBuildPhase section */
		3BCD3AD128A1AFC100C6C249 /* Frameworks */ = {
			isa = PBXFrameworksBuildPhase;
			buildActionMask = 2147483647;
			files = (
				3B4D13DF28C789E800186107 /* FacebookLogin in Frameworks */,
				3BCD3AED28A1B01A00C6C249 /* ParseSwift in Frameworks */,
				3B9C3DC928C6BD570095C821 /* GoogleSignInSwift in Frameworks */,
				3B4D13DA28C7863700186107 /* FacebookLogin in Frameworks */,
				3B4D13DD28C789E800186107 /* FacebookCore in Frameworks */,
			);
			runOnlyForDeploymentPostprocessing = 0;
		};
/* End PBXFrameworksBuildPhase section */

/* Begin PBXGroup section */
		3BCD3ACB28A1AFC100C6C249 = {
			isa = PBXGroup;
			children = (
				3BCD3AD628A1AFC100C6C249 /* DSSUserLogIn */,
				3BCD3AD528A1AFC100C6C249 /* Products */,
			);
			sourceTree = "<group>";
		};
		3BCD3AD528A1AFC100C6C249 /* Products */ = {
			isa = PBXGroup;
			children = (
				3BCD3AD428A1AFC100C6C249 /* DSSUserLogIn.app */,
			);
			name = Products;
			sourceTree = "<group>";
		};
		3BCD3AD628A1AFC100C6C249 /* DSSUserLogIn */ = {
			isa = PBXGroup;
			children = (
				3BCD3AEE28A1B0AA00C6C249 /* User.swift */,
				3BCD3AD728A1AFC100C6C249 /* AppDelegate.swift */,
				3BCD3AD928A1AFC100C6C249 /* SceneDelegate.swift */,
				3BCD3ADB28A1AFC100C6C249 /* LogInController.swift */,
				3BCD3AF128A1B0F600C6C249 /* HomeController.swift */,
				3BCD3ADD28A1AFC100C6C249 /* Main.storyboard */,
				3BCD3AE028A1AFC200C6C249 /* Assets.xcassets */,
				3BCD3AE228A1AFC200C6C249 /* LaunchScreen.storyboard */,
				3BCD3AE528A1AFC200C6C249 /* Info.plist */,
			);
			path = DSSUserLogIn;
			sourceTree = "<group>";
		};
/* End PBXGroup section */

/* Begin PBXNativeTarget section */
		3BCD3AD328A1AFC100C6C249 /* DSSUserLogIn */ = {
			isa = PBXNativeTarget;
			buildConfigurationList = 3BCD3AE828A1AFC200C6C249 /* Build configuration list for PBXNativeTarget "DSSUserLogIn" */;
			buildPhases = (
				3BCD3AD028A1AFC100C6C249 /* Sources */,
				3BCD3AD128A1AFC100C6C249 /* Frameworks */,
				3BCD3AD228A1AFC100C6C249 /* Resources */,
			);
			buildRules = (
			);
			dependencies = (
			);
			name = DSSUserLogIn;
			packageProductDependencies = (
				3BCD3AEC28A1B01A00C6C249 /* ParseSwift */,
				3B9C3DC828C6BD570095C821 /* GoogleSignInSwift */,
				3B4D13D928C7863700186107 /* FacebookLogin */,
				3B4D13DC28C789E800186107 /* FacebookCore */,
				3B4D13DE28C789E800186107 /* FacebookLogin */,
			);
			productName = DSSUserSignIn;
			productReference = 3BCD3AD428A1AFC100C6C249 /* DSSUserLogIn.app */;
			productType = "com.apple.product-type.application";
		};
/* End PBXNativeTarget section */

/* Begin PBXProject section */
		3BCD3ACC28A1AFC100C6C249 /* Project object */ = {
			isa = PBXProject;
			attributes = {
				BuildIndependentTargetsInParallel = 1;
				LastSwiftUpdateCheck = 1340;
				LastUpgradeCheck = 1340;
				TargetAttributes = {
					3BCD3AD328A1AFC100C6C249 = {
						CreatedOnToolsVersion = 13.4.1;
					};
				};
			};
			buildConfigurationList = 3BCD3ACF28A1AFC100C6C249 /* Build configuration list for PBXProject "DSSUserLogIn" */;
			compatibilityVersion = "Xcode 13.0";
			developmentRegion = en;
			hasScannedForEncodings = 0;
			knownRegions = (
				en,
				Base,
			);
			mainGroup = 3BCD3ACB28A1AFC100C6C249;
			packageReferences = (
				3BCD3AEB28A1B01A00C6C249 /* XCRemoteSwiftPackageReference "Parse-Swift" */,
				3B9C3DC728C6BD570095C821 /* XCRemoteSwiftPackageReference "GoogleSignIn-iOS" */,
				3B4D13D828C7863700186107 /* XCRemoteSwiftPackageReference "facebook-ios-sdk" */,
				3B4D13DB28C789E800186107 /* XCRemoteSwiftPackageReference "facebook-ios-sdk" */,
			);
			productRefGroup = 3BCD3AD528A1AFC100C6C249 /* Products */;
			projectDirPath = "";
			projectRoot = "";
			targets = (
				3BCD3AD328A1AFC100C6C249 /* DSSUserLogIn */,
			);
		};
/* End PBXProject section */

/* Begin PBXResourcesBuildPhase section */
		3BCD3AD228A1AFC100C6C249 /* Resources */ = {
			isa = PBXResourcesBuildPhase;
			buildActionMask = 2147483647;
			files = (
				3BCD3AE428A1AFC200C6C249 /* LaunchScreen.storyboard in Resources */,
				3BCD3AE128A1AFC200C6C249 /* Assets.xcassets in Resources */,
				3BCD3ADF28A1AFC100C6C249 /* Main.storyboard in Resources */,
			);
			runOnlyForDeploymentPostprocessing = 0;
		};
/* End PBXResourcesBuildPhase section */

/* Begin PBXSourcesBuildPhase section */
		3BCD3AD028A1AFC100C6C249 /* Sources */ = {
			isa = PBXSourcesBuildPhase;
			buildActionMask = 2147483647;
			files = (
				3BCD3AEF28A1B0AA00C6C249 /* User.swift in Sources */,
				3BCD3ADC28A1AFC100C6C249 /* LogInController.swift in Sources */,
				3BCD3AD828A1AFC100C6C249 /* AppDelegate.swift in Sources */,
				3BCD3ADA28A1AFC100C6C249 /* SceneDelegate.swift in Sources */,
				3BCD3AF228A1B0F600C6C249 /* HomeController.swift in Sources */,
			);
			runOnlyForDeploymentPostprocessing = 0;
		};
/* End PBXSourcesBuildPhase section */

/* Begin PBXVariantGroup section */
		3BCD3ADD28A1AFC100C6C249 /* Main.storyboard */ = {
			isa = PBXVariantGroup;
			children = (
				3BCD3ADE28A1AFC100C6C249 /* Base */,
			);
			name = Main.storyboard;
			sourceTree = "<group>";
		};
		3BCD3AE228A1AFC200C6C249 /* LaunchScreen.storyboard */ = {
			isa = PBXVariantGroup;
			children = (
				3BCD3AE328A1AFC200C6C249 /* Base */,
			);
			name = LaunchScreen.storyboard;
			sourceTree = "<group>";
		};
/* End PBXVariantGroup section */

/* Begin XCBuildConfiguration section */
		3BCD3AE628A1AFC200C6C249 /* Debug */ = {
			isa = XCBuildConfiguration;
			buildSettings = {
				ALWAYS_SEARCH_USER_PATHS = NO;
				CLANG_ANALYZER_NONNULL = YES;
				CLANG_ANALYZER_NUMBER_OBJECT_CONVERSION = YES_AGGRESSIVE;
				CLANG_CXX_LANGUAGE_STANDARD = "gnu++17";
				CLANG_ENABLE_MODULES = YES;
				CLANG_ENABLE_OBJC_ARC = YES;
				CLANG_ENABLE_OBJC_WEAK = YES;
				CLANG_WARN_BLOCK_CAPTURE_AUTORELEASING = YES;
				CLANG_WARN_BOOL_CONVERSION = YES;
				CLANG_WARN_COMMA = YES;
				CLANG_WARN_CONSTANT_CONVERSION = YES;
				CLANG_WARN_DEPRECATED_OBJC_IMPLEMENTATIONS = YES;
				CLANG_WARN_DIRECT_OBJC_ISA_USAGE = YES_ERROR;
				CLANG_WARN_DOCUMENTATION_COMMENTS = YES;
				CLANG_WARN_EMPTY_BODY = YES;
				CLANG_WARN_ENUM_CONVERSION = YES;
				CLANG_WARN_INFINITE_RECURSION = YES;
				CLANG_WARN_INT_CONVERSION = YES;
				CLANG_WARN_NON_LITERAL_NULL_CONVERSION = YES;
				CLANG_WARN_OBJC_IMPLICIT_RETAIN_SELF = YES;
				CLANG_WARN_OBJC_LITERAL_CONVERSION = YES;
				CLANG_WARN_OBJC_ROOT_CLASS = YES_ERROR;
				CLANG_WARN_QUOTED_INCLUDE_IN_FRAMEWORK_HEADER = YES;
				CLANG_WARN_RANGE_LOOP_ANALYSIS = YES;
				CLANG_WARN_STRICT_PROTOTYPES = YES;
				CLANG_WARN_SUSPICIOUS_MOVE = YES;
				CLANG_WARN_UNGUARDED_AVAILABILITY = YES_AGGRESSIVE;
				CLANG_WARN_UNREACHABLE_CODE = YES;
				CLANG_WARN__DUPLICATE_METHOD_MATCH = YES;
				COPY_PHASE_STRIP = NO;
				DEBUG_INFORMATION_FORMAT = dwarf;
				ENABLE_STRICT_OBJC_MSGSEND = YES;
				ENABLE_TESTABILITY = YES;
				GCC_C_LANGUAGE_STANDARD = gnu11;
				GCC_DYNAMIC_NO_PIC = NO;
				GCC_NO_COMMON_BLOCKS = YES;
				GCC_OPTIMIZATION_LEVEL = 0;
				GCC_PREPROCESSOR_DEFINITIONS = (
					"DEBUG=1",
					"$(inherited)",
				);
				GCC_WARN_64_TO_32_BIT_CONVERSION = YES;
				GCC_WARN_ABOUT_RETURN_TYPE = YES_ERROR;
				GCC_WARN_UNDECLARED_SELECTOR = YES;
				GCC_WARN_UNINITIALIZED_AUTOS = YES_AGGRESSIVE;
				GCC_WARN_UNUSED_FUNCTION = YES;
				GCC_WARN_UNUSED_VARIABLE = YES;
				IPHONEOS_DEPLOYMENT_TARGET = 15.5;
				MTL_ENABLE_DEBUG_INFO = INCLUDE_SOURCE;
				MTL_FAST_MATH = YES;
				ONLY_ACTIVE_ARCH = YES;
				SDKROOT = iphoneos;
				SWIFT_ACTIVE_COMPILATION_CONDITIONS = DEBUG;
				SWIFT_OPTIMIZATION_LEVEL = "-Onone";
			};
			name = Debug;
		};
		3BCD3AE728A1AFC200C6C249 /* Release */ = {
			isa = XCBuildConfiguration;
			buildSettings = {
				ALWAYS_SEARCH_USER_PATHS = NO;
				CLANG_ANALYZER_NONNULL = YES;
				CLANG_ANALYZER_NUMBER_OBJECT_CONVERSION = YES_AGGRESSIVE;
				CLANG_CXX_LANGUAGE_STANDARD = "gnu++17";
				CLANG_ENABLE_MODULES = YES;
				CLANG_ENABLE_OBJC_ARC = YES;
				CLANG_ENABLE_OBJC_WEAK = YES;
				CLANG_WARN_BLOCK_CAPTURE_AUTORELEASING = YES;
				CLANG_WARN_BOOL_CONVERSION = YES;
				CLANG_WARN_COMMA = YES;
				CLANG_WARN_CONSTANT_CONVERSION = YES;
				CLANG_WARN_DEPRECATED_OBJC_IMPLEMENTATIONS = YES;
				CLANG_WARN_DIRECT_OBJC_ISA_USAGE = YES_ERROR;
				CLANG_WARN_DOCUMENTATION_COMMENTS = YES;
				CLANG_WARN_EMPTY_BODY = YES;
				CLANG_WARN_ENUM_CONVERSION = YES;
				CLANG_WARN_INFINITE_RECURSION = YES;
				CLANG_WARN_INT_CONVERSION = YES;
				CLANG_WARN_NON_LITERAL_NULL_CONVERSION = YES;
				CLANG_WARN_OBJC_IMPLICIT_RETAIN_SELF = YES;
				CLANG_WARN_OBJC_LITERAL_CONVERSION = YES;
				CLANG_WARN_OBJC_ROOT_CLASS = YES_ERROR;
				CLANG_WARN_QUOTED_INCLUDE_IN_FRAMEWORK_HEADER = YES;
				CLANG_WARN_RANGE_LOOP_ANALYSIS = YES;
				CLANG_WARN_STRICT_PROTOTYPES = YES;
				CLANG_WARN_SUSPICIOUS_MOVE = YES;
				CLANG_WARN_UNGUARDED_AVAILABILITY = YES_AGGRESSIVE;
				CLANG_WARN_UNREACHABLE_CODE = YES;
				CLANG_WARN__DUPLICATE_METHOD_MATCH = YES;
				COPY_PHASE_STRIP = NO;
				DEBUG_INFORMATION_FORMAT = "dwarf-with-dsym";
				ENABLE_NS_ASSERTIONS = NO;
				ENABLE_STRICT_OBJC_MSGSEND = YES;
				GCC_C_LANGUAGE_STANDARD = gnu11;
				GCC_NO_COMMON_BLOCKS = YES;
				GCC_WARN_64_TO_32_BIT_CONVERSION = YES;
				GCC_WARN_ABOUT_RETURN_TYPE = YES_ERROR;
				GCC_WARN_UNDECLARED_SELECTOR = YES;
				GCC_WARN_UNINITIALIZED_AUTOS = YES_AGGRESSIVE;
				GCC_WARN_UNUSED_FUNCTION = YES;
				GCC_WARN_UNUSED_VARIABLE = YES;
				IPHONEOS_DEPLOYMENT_TARGET = 15.5;
				MTL_ENABLE_DEBUG_INFO = NO;
				MTL_FAST_MATH = YES;
				SDKROOT = iphoneos;
				SWIFT_COMPILATION_MODE = wholemodule;
				SWIFT_OPTIMIZATION_LEVEL = "-O";
				VALIDATE_PRODUCT = YES;
			};
			name = Release;
		};
		3BCD3AE928A1AFC200C6C249 /* Debug */ = {
			isa = XCBuildConfiguration;
			buildSettings = {
				ASSETCATALOG_COMPILER_APPICON_NAME = AppIcon;
				ASSETCATALOG_COMPILER_GLOBAL_ACCENT_COLOR_NAME = AccentColor;
				CODE_SIGN_ENTITLEMENTS = DSSUserLogIn/DSSUserLogIn.entitlements;
				CODE_SIGN_IDENTITY = "Apple Development";
				CODE_SIGN_STYLE = Automatic;
				CURRENT_PROJECT_VERSION = 1;
				DEVELOPMENT_TEAM = 923BAJXQS2;
				FRAMEWORK_SEARCH_PATHS = (
					"$(inherited)",
					"$(PROJECT_DIR)",
				);
				GENERATE_INFOPLIST_FILE = YES;
				INFOPLIST_FILE = DSSUserLogIn/Info.plist;
				INFOPLIST_KEY_UIApplicationSupportsIndirectInputEvents = YES;
				INFOPLIST_KEY_UILaunchStoryboardName = LaunchScreen;
				INFOPLIST_KEY_UIMainStoryboardFile = Main;
				INFOPLIST_KEY_UISupportedInterfaceOrientations_iPad = "UIInterfaceOrientationPortrait UIInterfaceOrientationPortraitUpsideDown UIInterfaceOrientationLandscapeLeft UIInterfaceOrientationLandscapeRight";
				INFOPLIST_KEY_UISupportedInterfaceOrientations_iPhone = "UIInterfaceOrientationPortrait UIInterfaceOrientationLandscapeLeft UIInterfaceOrientationLandscapeRight";
				LD_RUNPATH_SEARCH_PATHS = (
					"$(inherited)",
					"@executable_path/Frameworks",
				);
				MARKETING_VERSION = 1.0;
				PRODUCT_BUNDLE_IDENTIFIER = com.dssystems.sandbox.app.test.DSSUserLogIn;
				PRODUCT_NAME = "$(TARGET_NAME)";
				PROVISIONING_PROFILE_SPECIFIER = "";
				SWIFT_EMIT_LOC_STRINGS = YES;
				SWIFT_VERSION = 5.0;
				TARGETED_DEVICE_FAMILY = "1,2";
			};
			name = Debug;
		};
		3BCD3AEA28A1AFC200C6C249 /* Release */ = {
			isa = XCBuildConfiguration;
			buildSettings = {
				ASSETCATALOG_COMPILER_APPICON_NAME = AppIcon;
				ASSETCATALOG_COMPILER_GLOBAL_ACCENT_COLOR_NAME = AccentColor;
				CODE_SIGN_ENTITLEMENTS = DSSUserLogIn/DSSUserLogIn.entitlements;
				CODE_SIGN_IDENTITY = "Apple Development";
				CODE_SIGN_STYLE = Automatic;
				CURRENT_PROJECT_VERSION = 1;
				DEVELOPMENT_TEAM = 923BAJXQS2;
				FRAMEWORK_SEARCH_PATHS = (
					"$(inherited)",
					"$(PROJECT_DIR)",
				);
				GENERATE_INFOPLIST_FILE = YES;
				INFOPLIST_FILE = DSSUserLogIn/Info.plist;
				INFOPLIST_KEY_UIApplicationSupportsIndirectInputEvents = YES;
				INFOPLIST_KEY_UILaunchStoryboardName = LaunchScreen;
				INFOPLIST_KEY_UIMainStoryboardFile = Main;
				INFOPLIST_KEY_UISupportedInterfaceOrientations_iPad = "UIInterfaceOrientationPortrait UIInterfaceOrientationPortraitUpsideDown UIInterfaceOrientationLandscapeLeft UIInterfaceOrientationLandscapeRight";
				INFOPLIST_KEY_UISupportedInterfaceOrientations_iPhone = "UIInterfaceOrientationPortrait UIInterfaceOrientationLandscapeLeft UIInterfaceOrientationLandscapeRight";
				LD_RUNPATH_SEARCH_PATHS = (
					"$(inherited)",
					"@executable_path/Frameworks",
				);
				MARKETING_VERSION = 1.0;
				PRODUCT_BUNDLE_IDENTIFIER = com.dssystems.sandbox.app.test.DSSUserLogIn;
				PRODUCT_NAME = "$(TARGET_NAME)";
				PROVISIONING_PROFILE_SPECIFIER = "";
				SWIFT_EMIT_LOC_STRINGS = YES;
				SWIFT_VERSION = 5.0;
				TARGETED_DEVICE_FAMILY = "1,2";
			};
			name = Release;
		};
/* End XCBuildConfiguration section */

/* Begin XCConfigurationList section */
		3BCD3ACF28A1AFC100C6C249 /* Build configuration list for PBXProject "DSSUserLogIn" */ = {
			isa = XCConfigurationList;
			buildConfigurations = (
				3BCD3AE628A1AFC200C6C249 /* Debug */,
				3BCD3AE728A1AFC200C6C249 /* Release */,
			);
			defaultConfigurationIsVisible = 0;
			defaultConfigurationName = Release;
		};
		3BCD3AE828A1AFC200C6C249 /* Build configuration list for PBXNativeTarget "DSSUserLogIn" */ = {
			isa = XCConfigurationList;
			buildConfigurations = (
				3BCD3AE928A1AFC200C6C249 /* Debug */,
				3BCD3AEA28A1AFC200C6C249 /* Release */,
			);
			defaultConfigurationIsVisible = 0;
			defaultConfigurationName = Release;
		};
/* End XCConfigurationList section */

/* Begin XCRemoteSwiftPackageReference section */
		3B4D13D828C7863700186107 /* XCRemoteSwiftPackageReference "facebook-ios-sdk" */ = {
			isa = XCRemoteSwiftPackageReference;
			repositoryURL = "https://github.com/facebook/facebook-ios-sdk";
			requirement = {
				branch = main;
				kind = branch;
			};
		};
		3B4D13DB28C789E800186107 /* XCRemoteSwiftPackageReference "facebook-ios-sdk" */ = {
			isa = XCRemoteSwiftPackageReference;
			repositoryURL = "https://github.com/facebook/facebook-ios-sdk";
			requirement = {
				kind = upToNextMajorVersion;
				minimumVersion = 9.0.0;
			};
		};
		3B9C3DC728C6BD570095C821 /* XCRemoteSwiftPackageReference "GoogleSignIn-iOS" */ = {
			isa = XCRemoteSwiftPackageReference;
			repositoryURL = "https://github.com/google/GoogleSignIn-iOS";
			requirement = {
				kind = upToNextMajorVersion;
				minimumVersion = 6.0.0;
			};
		};
		3BCD3AEB28A1B01A00C6C249 /* XCRemoteSwiftPackageReference "Parse-Swift" */ = {
			isa = XCRemoteSwiftPackageReference;
			repositoryURL = "https://github.com/parse-community/Parse-Swift";
			requirement = {
				kind = upToNextMajorVersion;
				minimumVersion = 4.0.0;
			};
		};
/* End XCRemoteSwiftPackageReference section */

/* Begin XCSwiftPackageProductDependency section */
		3B4D13D928C7863700186107 /* FacebookLogin */ = {
			isa = XCSwiftPackageProductDependency;
			package = 3B4D13D828C7863700186107 /* XCRemoteSwiftPackageReference "facebook-ios-sdk" */;
			productName = FacebookLogin;
		};
		3B4D13DC28C789E800186107 /* FacebookCore */ = {
			isa = XCSwiftPackageProductDependency;
			package = 3B4D13DB28C789E800186107 /* XCRemoteSwiftPackageReference "facebook-ios-sdk" */;
			productName = FacebookCore;
		};
		3B4D13DE28C789E800186107 /* FacebookLogin */ = {
			isa = XCSwiftPackageProductDependency;
			package = 3B4D13DB28C789E800186107 /* XCRemoteSwiftPackageReference "facebook-ios-sdk" */;
			productName = FacebookLogin;
		};
		3B9C3DC828C6BD570095C821 /* GoogleSignInSwift */ = {
			isa = XCSwiftPackageProductDependency;
			package = 3B9C3DC728C6BD570095C821 /* XCRemoteSwiftPackageReference "GoogleSignIn-iOS" */;
			productName = GoogleSignInSwift;
		};
		3BCD3AEC28A1B01A00C6C249 /* ParseSwift */ = {
			isa = XCSwiftPackageProductDependency;
			package = 3BCD3AEB28A1B01A00C6C249 /* XCRemoteSwiftPackageReference "Parse-Swift" */;
			productName = ParseSwift;
		};
/* End XCSwiftPackageProductDependency section */
	};
	rootObject = 3BCD3ACC28A1AFC100C6C249 /* Project object */;
}
